
Microsoft Visual Studio Solution File, Format Version 12.00
# Visual Studio Version 16
VisualStudioVersion = 16.0.32929.386
MinimumVisualStudioVersion = 10.0.40219.1
Project("{9A19103F-16F7-4668-BE54-9A1E7A4F7556}") = "User_Microservice", "User_Microservice\User_Microservice.csproj", "{EC4C3AA0-8402-4F4F-B8BA-CE277F119F12}"
EndProject
Project("{FAE04EC0-301F-11D3-BF4B-00C04F79EFBC}") = "User_UnitTesting", "User_UnitTesting\User_UnitTesting.csproj", "{5266C760-E2E3-49E8-B76D-40693CFBFA15}"
EndProject
Global
	GlobalSection(SolutionConfigurationPlatforms) = preSolution
		Debug|Any CPU = Debug|Any CPU
		Release|Any CPU = Release|Any CPU
	EndGlobalSection
	GlobalSection(ProjectConfigurationPlatforms) = postSolution
		{EC4C3AA0-8402-4F4F-B8BA-CE277F119F12}.Debug|Any CPU.ActiveCfg = Debug|Any CPU
		{EC4C3AA0-8402-4F4F-B8BA-CE277F119F12}.Debug|Any CPU.Build.0 = Debug|Any CPU
		{EC4C3AA0-8402-4F4F-B8BA-CE277F119F12}.Release|Any CPU.ActiveCfg = Release|Any CPU
		{EC4C3AA0-8402-4F4F-B8BA-CE277F119F12}.Release|Any CPU.Build.0 = Release|Any CPU
		{5266C760-E2E3-49E8-B76D-40693CFBFA15}.Debug|Any CPU.ActiveCfg = Debug|Any CPU
		{5266C760-E2E3-49E8-B76D-40693CFBFA15}.Debug|Any CPU.Build.0 = Debug|Any CPU
		{5266C760-E2E3-49E8-B76D-40693CFBFA15}.Release|Any CPU.ActiveCfg = Release|Any CPU
		{5266C760-E2E3-49E8-B76D-40693CFBFA15}.Release|Any CPU.Build.0 = Release|Any CPU
	EndGlobalSection
	GlobalSection(SolutionProperties) = preSolution
		HideSolutionNode = FALSE
	EndGlobalSection
	GlobalSection(ExtensibilityGlobals) = postSolution
		SolutionGuid = {DF8AE03B-5F77-404F-B5C4-CAC08C9C6C30}
	EndGlobalSection
EndGlobal
